
Microsoft Visual Studio Solution File, Format Version 12.00
# Visual Studio Version 16
VisualStudioVersion = 16.0.30717.126
MinimumVisualStudioVersion = 10.0.40219.1
Project("{FAE04EC0-301F-11D3-BF4B-00C04F79EFBC}") = "Notepad+_Peer", "Notepad+_Peer\Notepad+_Peer.csproj", "{47FDF76D-75C4-4ED0-8E4F-AE3F4E105498}"
EndProject
Global
	GlobalSection(SolutionConfigurationPlatforms) = preSolution
		Debug|Any CPU = Debug|Any CPU
		Release|Any CPU = Release|Any CPU
	EndGlobalSection
	GlobalSection(ProjectConfigurationPlatforms) = postSolution
		{47FDF76D-75C4-4ED0-8E4F-AE3F4E105498}.Debug|Any CPU.ActiveCfg = Debug|Any CPU
		{47FDF76D-75C4-4ED0-8E4F-AE3F4E105498}.Debug|Any CPU.Build.0 = Debug|Any CPU
		{47FDF76D-75C4-4ED0-8E4F-AE3F4E105498}.Release|Any CPU.ActiveCfg = Release|Any CPU
		{47FDF76D-75C4-4ED0-8E4F-AE3F4E105498}.Release|Any CPU.Build.0 = Release|Any CPU
	EndGlobalSection
	GlobalSection(SolutionProperties) = preSolution
		HideSolutionNode = FALSE
	EndGlobalSection
	GlobalSection(ExtensibilityGlobals) = postSolution
		SolutionGuid = {0B82D780-B1E0-48A5-9B4E-EB0260754F6C}
	EndGlobalSection
EndGlobal
